{
  "name": "node-red-contrib-ccxt-v3",
  "version": "0.2.16",
  "lockfileVersion": 3,
  "requires": true,
  "packages": {
    "": {
      "name": "node-red-contrib-ccxt-v3",
      "version": "0.2.16",
      "license": "MIT",
      "dependencies": {
        "ccxt": "^4.2.4"
      },
      "devDependencies": {
        "ansicolor": "^1.1.93",
        "as-table": "^1.0.55",
        "ololog": "^1.1.164"
      },
      "engines": {
        "node": ">=14.0.0 <=21"
      }
    },
    "node_modules/ansicolor": {
      "version": "1.1.93",
      "resolved": "https://registry.npmjs.org/ansicolor/-/ansicolor-1.1.93.tgz",
      "integrity": "sha512-4dhht0A3T3i+wshSm1kUnJySJnMfaV9Y4O27PcIVQkQR73ska32ddhxxJBIgs+ghvDOs5wpLthiA88VM9SyzPw==",
      "dev": true
    },
    "node_modules/as-table": {
      "version": "1.0.55",
      "resolved": "https://registry.npmjs.org/as-table/-/as-table-1.0.55.tgz",
      "integrity": "sha512-xvsWESUJn0JN421Xb9MQw6AsMHRCUknCe0Wjlxvjud80mU4E6hQf1A6NzQKcYNmYw62MfzEtXc+badstZP3JpQ==",
      "dev": true,
      "dependencies": {
        "printable-characters": "^1.0.42"
      }
    },
    "node_modules/ccxt": {
      "version": "4.2.4",
      "resolved": "https://registry.npmjs.org/ccxt/-/ccxt-4.2.4.tgz",
      "integrity": "sha512-34LmztGw75b4KVazYZSusHvP9CAVYQ/smnHZxrbG6PUP9owTwszK9FEW7tGFBrXBCGf5d4RQOEoETMbf9Qq2mw==",
      "hasInstallScript": true,
      "dependencies": {
        "ws": "^8.8.1"
      },
      "engines": {
        "node": ">=15.0.0"
      }
    },
    "node_modules/data-uri-to-buffer": {
      "version": "2.0.2",
      "resolved": "https://registry.npmjs.org/data-uri-to-buffer/-/data-uri-to-buffer-2.0.2.tgz",
      "integrity": "sha512-ND9qDTLc6diwj+Xe5cdAgVTbLVdXbtxTJRXRhli8Mowuaan+0EJOtdqJ0QCHNSSPyoXGx9HX2/VMnKeC34AChA==",
      "dev": true
    },
    "node_modules/get-source": {
      "version": "2.0.11",
      "resolved": "https://registry.npmjs.org/get-source/-/get-source-2.0.11.tgz",
      "integrity": "sha512-3ep0eeCGsW2jTd1IByqtszqGq6xHDeoN8T7HgYJfcAMOxvjKpR6er1tWzHMwjyiqChC84Ov31pkMMJZiQ97rFg==",
      "dev": true,
      "dependencies": {
        "data-uri-to-buffer": "^2.0.0",
        "source-map": "^0.6.1"
      }
    },
    "node_modules/ololog": {
      "version": "1.1.164",
      "resolved": "https://registry.npmjs.org/ololog/-/ololog-1.1.164.tgz",
      "integrity": "sha512-il4SgjGJFkOBoJ/Jxr4OAtXdDwaLYdUAXFeOGXcIQrpwvwQeHqJh08zX+EDnUzO4rDPF3P2QGbzjDlUgW5yd6w==",
      "dev": true,
      "dependencies": {
        "ansicolor": "^1.1.84",
        "pipez": "^1.1.12",
        "printable-characters": "^1.0.42",
        "stacktracey": "^2.0.15",
        "string.bullet": "^1.0.12",
        "string.ify": "^1.0.64"
      }
    },
    "node_modules/pipez": {
      "version": "1.1.12",
      "resolved": "https://registry.npmjs.org/pipez/-/pipez-1.1.12.tgz",
      "integrity": "sha1-s1nOVAHpNfEp+koJT83omvuENtg=",
      "dev": true
    },
    "node_modules/printable-characters": {
      "version": "1.0.42",
      "resolved": "https://registry.npmjs.org/printable-characters/-/printable-characters-1.0.42.tgz",
      "integrity": "sha1-Pxjpd6m9jrN/zE/1ZZ176Qhos9g=",
      "dev": true
    },
    "node_modules/source-map": {
      "version": "0.6.1",
      "resolved": "https://registry.npmjs.org/source-map/-/source-map-0.6.1.tgz",
      "integrity": "sha512-UjgapumWlbMhkBgzT7Ykc5YXUT46F0iKu8SGXq0bcwP5dz/h0Plj6enJqjz1Zbq2l5WaqYnrVbwWOWMyF3F47g==",
      "dev": true,
      "engines": {
        "node": ">=0.10.0"
      }
    },
    "node_modules/stacktracey": {
      "version": "2.0.15",
      "resolved": "https://registry.npmjs.org/stacktracey/-/stacktracey-2.0.15.tgz",
      "integrity": "sha512-u1rMIcAEg+6yGNV230yfwEHGRlrqrRmreMR3GM3TVI1wGxR2PirI3FiltVjFurEtX/S44aGo5l9uRk6dVHHJuA==",
      "dev": true,
      "dependencies": {
        "as-table": "^1.0.36",
        "get-source": "^2.0.11"
      }
    },
    "node_modules/string.bullet": {
      "version": "1.0.12",
      "resolved": "https://registry.npmjs.org/string.bullet/-/string.bullet-1.0.12.tgz",
      "integrity": "sha1-tB/EF4UKV+QEK/PPNHtu7iV+4lM=",
      "dev": true,
      "dependencies": {
        "printable-characters": "^1.0.26"
      }
    },
    "node_modules/string.ify": {
      "version": "1.0.64",
      "resolved": "https://registry.npmjs.org/string.ify/-/string.ify-1.0.64.tgz",
      "integrity": "sha512-4Aa5yndnuOhE1GV2W3ht4rQ08XHq46JLXmSOv0jeUWEzqliBvm8lAXvt+66np+J9DkoCZikFzTzjXVLRR0F/Xw==",
      "dev": true,
      "dependencies": {
        "printable-characters": "^1.0.42",
        "string.bullet": "^1.0.12"
      }
    },
    "node_modules/ws": {
      "version": "8.16.0",
      "resolved": "https://registry.npmjs.org/ws/-/ws-8.16.0.tgz",
      "integrity": "sha512-HS0c//TP7Ina87TfiPUz1rQzMhHrl/SG2guqRcTOIUYD2q8uhUdNHZYJUaQ8aTGPzCh+c6oawMKW35nFl1dxyQ==",
      "engines": {
        "node": ">=10.0.0"
      },
      "peerDependencies": {
        "bufferutil": "^4.0.1",
        "utf-8-validate": ">=5.0.2"
      },
      "peerDependenciesMeta": {
        "bufferutil": {
          "optional": true
        },
        "utf-8-validate": {
          "optional": true
        }
      }
    }
  }
}
